// !$*UTF8*$!
{
	archiveVersion = 1;
	classes = {
	};
	objectVersion = 56;
	objects = {

/* Begin PBXBuildFile section */
		48362D832DB726AA00C04D8D /* Secrets.xcconfig in Resources */ = {isa = PBXBuildFile; fileRef = 48362D6F2DB726AA00C04D8D /* Secrets.xcconfig */; };
		48362D842DB726AA00C04D8D /* DataRepository.swift in Sources */ = {isa = PBXBuildFile; fileRef = 48362D722DB726AA00C04D8D /* DataRepository.swift */; };
		48362D852DB726AA00C04D8D /* AuthRepository.swift in Sources */ = {isa = PBXBuildFile; fileRef = 48362D742DB726AA00C04D8D /* AuthRepository.swift */; };
		48362D862DB726AA00C04D8D /* AuthViewModel.swift in Sources */ = {isa = PBXBuildFile; fileRef = 48362D752DB726AA00C04D8D /* AuthViewModel.swift */; };
		48362D872DB726AA00C04D8D /* SupabaseManager.swift in Sources */ = {isa = PBXBuildFile; fileRef = 48362D772DB726AA00C04D8D /* SupabaseManager.swift */; };
		48362D882DB726AA00C04D8D /* LoginView.swift in Sources */ = {isa = PBXBuildFile; fileRef = 48362D7A2DB726AA00C04D8D /* LoginView.swift */; };
		48362D892DB726AA00C04D8D /* SignUpView.swift in Sources */ = {isa = PBXBuildFile; fileRef = 48362D7B2DB726AA00C04D8D /* SignUpView.swift */; };
		48362D8A2DB726AA00C04D8D /* Assets.xcassets in Resources */ = {isa = PBXBuildFile; fileRef = 48362D7C2DB726AA00C04D8D /* Assets.xcassets */; };
		48362D8B2DB726AA00C04D8D /* Preview Assets.xcassets in Resources */ = {isa = PBXBuildFile; fileRef = 48362D7E2DB726AA00C04D8D /* Preview Assets.xcassets */; };
		48362D8C2DB726AA00C04D8D /* AppTemplateApp.swift in Sources */ = {isa = PBXBuildFile; fileRef = 48362D7F2DB726AA00C04D8D /* AppTemplateApp.swift */; };
		48362D8D2DB726AA00C04D8D /* ContentView.swift in Sources */ = {isa = PBXBuildFile; fileRef = 48362D802DB726AA00C04D8D /* ContentView.swift */; };
		48362D8F2DB726AA00C04D8D /* Secrets.Example.xcconfig in Resources */ = {isa = PBXBuildFile; fileRef = 48362D822DB726AA00C04D8D /* Secrets.Example.xcconfig */; };
		48A33D5E2DB7D35200FE5A25 /* KeychainHelper.swift in Sources */ = {isa = PBXBuildFile; fileRef = 48A33D5D2DB7D35100FE5A25 /* KeychainHelper.swift */; };
		48A94C872DB6DEE4006653DD /* Auth in Frameworks */ = {isa = PBXBuildFile; productRef = 48A94C862DB6DEE4006653DD /* Auth */; };
		48A94C892DB6DEE4006653DD /* Functions in Frameworks */ = {isa = PBXBuildFile; productRef = 48A94C882DB6DEE4006653DD /* Functions */; };
		48A94C8B2DB6DEE4006653DD /* PostgREST in Frameworks */ = {isa = PBXBuildFile; productRef = 48A94C8A2DB6DEE4006653DD /* PostgREST */; };
		48A94C8D2DB6DEE4006653DD /* Realtime in Frameworks */ = {isa = PBXBuildFile; productRef = 48A94C8C2DB6DEE4006653DD /* Realtime */; };
		48A94C8F2DB6DEE4006653DD /* Storage in Frameworks */ = {isa = PBXBuildFile; productRef = 48A94C8E2DB6DEE4006653DD /* Storage */; };
		48A94C912DB6DEE4006653DD /* Supabase in Frameworks */ = {isa = PBXBuildFile; productRef = 48A94C902DB6DEE4006653DD /* Supabase */; };
		48C2206B2DB6A67300FF43EE /* AppTemplateTests.swift in Sources */ = {isa = PBXBuildFile; fileRef = 48C2206A2DB6A67300FF43EE /* AppTemplateTests.swift */; };
		48C220752DB6A67300FF43EE /* AppTemplateUITests.swift in Sources */ = {isa = PBXBuildFile; fileRef = 48C220742DB6A67300FF43EE /* AppTemplateUITests.swift */; };
		48C220772DB6A67300FF43EE /* AppTemplateUITestsLaunchTests.swift in Sources */ = {isa = PBXBuildFile; fileRef = 48C220762DB6A67300FF43EE /* AppTemplateUITestsLaunchTests.swift */; };
/* End PBXBuildFile section */

/* Begin PBXContainerItemProxy section */
		48C220672DB6A67300FF43EE /* PBXContainerItemProxy */ = {
			isa = PBXContainerItemProxy;
			containerPortal = 48C2204E2DB6A66B00FF43EE /* Project object */;
			proxyType = 1;
			remoteGlobalIDString = 48C220552DB6A66B00FF43EE;
			remoteInfo = AppTemplate;
		};
		48C220712DB6A67300FF43EE /* PBXContainerItemProxy */ = {
			isa = PBXContainerItemProxy;
			containerPortal = 48C2204E2DB6A66B00FF43EE /* Project object */;
			proxyType = 1;
			remoteGlobalIDString = 48C220552DB6A66B00FF43EE;
			remoteInfo = AppTemplate;
		};
/* End PBXContainerItemProxy section */

/* Begin PBXFileReference section */
		48362D6F2DB726AA00C04D8D /* Secrets.xcconfig */ = {isa = PBXFileReference; fileEncoding = 4; lastKnownFileType = text.xcconfig; path = Secrets.xcconfig; sourceTree = "<group>"; };
		48362D722DB726AA00C04D8D /* DataRepository.swift */ = {isa = PBXFileReference; fileEncoding = 4; lastKnownFileType = sourcecode.swift; path = DataRepository.swift; sourceTree = "<group>"; };
		48362D742DB726AA00C04D8D /* AuthRepository.swift */ = {isa = PBXFileReference; fileEncoding = 4; lastKnownFileType = sourcecode.swift; path = AuthRepository.swift; sourceTree = "<group>"; };
		48362D752DB726AA00C04D8D /* AuthViewModel.swift */ = {isa = PBXFileReference; fileEncoding = 4; lastKnownFileType = sourcecode.swift; path = AuthViewModel.swift; sourceTree = "<group>"; };
		48362D772DB726AA00C04D8D /* SupabaseManager.swift */ = {isa = PBXFileReference; fileEncoding = 4; lastKnownFileType = sourcecode.swift; path = SupabaseManager.swift; sourceTree = "<group>"; };
		48362D7A2DB726AA00C04D8D /* LoginView.swift */ = {isa = PBXFileReference; fileEncoding = 4; lastKnownFileType = sourcecode.swift; path = LoginView.swift; sourceTree = "<group>"; };
		48362D7B2DB726AA00C04D8D /* SignUpView.swift */ = {isa = PBXFileReference; fileEncoding = 4; lastKnownFileType = sourcecode.swift; path = SignUpView.swift; sourceTree = "<group>"; };
		48362D7C2DB726AA00C04D8D /* Assets.xcassets */ = {isa = PBXFileReference; lastKnownFileType = folder.assetcatalog; path = Assets.xcassets; sourceTree = "<group>"; };
		48362D7E2DB726AA00C04D8D /* Preview Assets.xcassets */ = {isa = PBXFileReference; lastKnownFileType = folder.assetcatalog; path = "Preview Assets.xcassets"; sourceTree = "<group>"; };
		48362D7F2DB726AA00C04D8D /* AppTemplateApp.swift */ = {isa = PBXFileReference; fileEncoding = 4; lastKnownFileType = sourcecode.swift; path = AppTemplateApp.swift; sourceTree = "<group>"; };
		48362D802DB726AA00C04D8D /* ContentView.swift */ = {isa = PBXFileReference; fileEncoding = 4; lastKnownFileType = sourcecode.swift; path = ContentView.swift; sourceTree = "<group>"; };
		48362D812DB726AA00C04D8D /* Info.plist */ = {isa = PBXFileReference; fileEncoding = 4; lastKnownFileType = text.plist.xml; path = Info.plist; sourceTree = "<group>"; };
		48362D822DB726AA00C04D8D /* Secrets.Example.xcconfig */ = {isa = PBXFileReference; fileEncoding = 4; lastKnownFileType = text.xcconfig; path = Secrets.Example.xcconfig; sourceTree = "<group>"; };
		48A33D5D2DB7D35100FE5A25 /* KeychainHelper.swift */ = {isa = PBXFileReference; fileEncoding = 4; lastKnownFileType = sourcecode.swift; path = KeychainHelper.swift; sourceTree = "<group>"; };
		48C220562DB6A66C00FF43EE /* AppTemplate.app */ = {isa = PBXFileReference; explicitFileType = wrapper.application; includeInIndex = 0; path = AppTemplate.app; sourceTree = BUILT_PRODUCTS_DIR; };
		48C220662DB6A67300FF43EE /* AppTemplateTests.xctest */ = {isa = PBXFileReference; explicitFileType = wrapper.cfbundle; includeInIndex = 0; path = AppTemplateTests.xctest; sourceTree = BUILT_PRODUCTS_DIR; };
		48C2206A2DB6A67300FF43EE /* AppTemplateTests.swift */ = {isa = PBXFileReference; lastKnownFileType = sourcecode.swift; path = AppTemplateTests.swift; sourceTree = "<group>"; };
		48C220702DB6A67300FF43EE /* AppTemplateUITests.xctest */ = {isa = PBXFileReference; explicitFileType = wrapper.cfbundle; includeInIndex = 0; path = AppTemplateUITests.xctest; sourceTree = BUILT_PRODUCTS_DIR; };
		48C220742DB6A67300FF43EE /* AppTemplateUITests.swift */ = {isa = PBXFileReference; lastKnownFileType = sourcecode.swift; path = AppTemplateUITests.swift; sourceTree = "<group>"; };
		48C220762DB6A67300FF43EE /* AppTemplateUITestsLaunchTests.swift */ = {isa = PBXFileReference; lastKnownFileType = sourcecode.swift; path = AppTemplateUITestsLaunchTests.swift; sourceTree = "<group>"; };
/* End PBXFileReference section */

/* Begin PBXFrameworksBuildPhase section */
		48C220532DB6A66B00FF43EE /* Frameworks */ = {
			isa = PBXFrameworksBuildPhase;
			buildActionMask = 2147483647;
			files = (
				48A94C8B2DB6DEE4006653DD /* PostgREST in Frameworks */,
				48A94C892DB6DEE4006653DD /* Functions in Frameworks */,
				48A94C912DB6DEE4006653DD /* Supabase in Frameworks */,
				48A94C872DB6DEE4006653DD /* Auth in Frameworks */,
				48A94C8F2DB6DEE4006653DD /* Storage in Frameworks */,
				48A94C8D2DB6DEE4006653DD /* Realtime in Frameworks */,
			);
			runOnlyForDeploymentPostprocessing = 0;
		};
		48C220632DB6A67300FF43EE /* Frameworks */ = {
			isa = PBXFrameworksBuildPhase;
			buildActionMask = 2147483647;
			files = (
			);
			runOnlyForDeploymentPostprocessing = 0;
		};
		48C2206D2DB6A67300FF43EE /* Frameworks */ = {
			isa = PBXFrameworksBuildPhase;
			buildActionMask = 2147483647;
			files = (
			);
			runOnlyForDeploymentPostprocessing = 0;
		};
/* End PBXFrameworksBuildPhase section */

/* Begin PBXGroup section */
		48362D6E2DB726AA00C04D8D /* AppTemplate */ = {
			isa = PBXGroup;
			children = (
				48362D6F2DB726AA00C04D8D /* Secrets.xcconfig */,
				48362D702DB726AA00C04D8D /* Core */,
				48362D782DB726AA00C04D8D /* Features */,
				48362D7C2DB726AA00C04D8D /* Assets.xcassets */,
				48362D7D2DB726AA00C04D8D /* Preview Content */,
				48362D7F2DB726AA00C04D8D /* AppTemplateApp.swift */,
				48362D802DB726AA00C04D8D /* ContentView.swift */,
				48362D812DB726AA00C04D8D /* Info.plist */,
				48362D822DB726AA00C04D8D /* Secrets.Example.xcconfig */,
			);
			path = AppTemplate;
			sourceTree = "<group>";
		};
		48362D702DB726AA00C04D8D /* Core */ = {
			isa = PBXGroup;
			children = (
				48362D712DB726AA00C04D8D /* Database */,
				48362D732DB726AA00C04D8D /* Auth */,
				48362D762DB726AA00C04D8D /* Supabase */,
			);
			path = Core;
			sourceTree = "<group>";
		};
		48362D712DB726AA00C04D8D /* Database */ = {
			isa = PBXGroup;
			children = (
				48362D722DB726AA00C04D8D /* DataRepository.swift */,
			);
			path = Database;
			sourceTree = "<group>";
		};
		48362D732DB726AA00C04D8D /* Auth */ = {
			isa = PBXGroup;
			children = (
				48A33D5D2DB7D35100FE5A25 /* KeychainHelper.swift */,
				48362D742DB726AA00C04D8D /* AuthRepository.swift */,
				48362D752DB726AA00C04D8D /* AuthViewModel.swift */,
			);
			path = Auth;
			sourceTree = "<group>";
		};
		48362D762DB726AA00C04D8D /* Supabase */ = {
			isa = PBXGroup;
			children = (
				48362D772DB726AA00C04D8D /* SupabaseManager.swift */,
			);
			path = Supabase;
			sourceTree = "<group>";
		};
		48362D782DB726AA00C04D8D /* Features */ = {
			isa = PBXGroup;
			children = (
				48362D792DB726AA00C04D8D /* Authentication */,
			);
			path = Features;
			sourceTree = "<group>";
		};
		48362D792DB726AA00C04D8D /* Authentication */ = {
			isa = PBXGroup;
			children = (
				48362D7A2DB726AA00C04D8D /* LoginView.swift */,
				48362D7B2DB726AA00C04D8D /* SignUpView.swift */,
			);
			path = Authentication;
			sourceTree = "<group>";
		};
		48362D7D2DB726AA00C04D8D /* Preview Content */ = {
			isa = PBXGroup;
			children = (
				48362D7E2DB726AA00C04D8D /* Preview Assets.xcassets */,
			);
			path = "Preview Content";
			sourceTree = "<group>";
		};
		48C2204D2DB6A66B00FF43EE = {
			isa = PBXGroup;
			children = (
				48362D6E2DB726AA00C04D8D /* AppTemplate */,
				48C220692DB6A67300FF43EE /* AppTemplateTests */,
				48C220732DB6A67300FF43EE /* AppTemplateUITests */,
				48C220572DB6A66C00FF43EE /* Products */,
			);
			sourceTree = "<group>";
		};
		48C220572DB6A66C00FF43EE /* Products */ = {
			isa = PBXGroup;
			children = (
				48C220562DB6A66C00FF43EE /* AppTemplate.app */,
				48C220662DB6A67300FF43EE /* AppTemplateTests.xctest */,
				48C220702DB6A67300FF43EE /* AppTemplateUITests.xctest */,
			);
			name = Products;
			sourceTree = "<group>";
		};
		48C220692DB6A67300FF43EE /* AppTemplateTests */ = {
			isa = PBXGroup;
			children = (
				48C2206A2DB6A67300FF43EE /* AppTemplateTests.swift */,
			);
			path = AppTemplateTests;
			sourceTree = "<group>";
		};
		48C220732DB6A67300FF43EE /* AppTemplateUITests */ = {
			isa = PBXGroup;
			children = (
				48C220742DB6A67300FF43EE /* AppTemplateUITests.swift */,
				48C220762DB6A67300FF43EE /* AppTemplateUITestsLaunchTests.swift */,
			);
			path = AppTemplateUITests;
			sourceTree = "<group>";
		};
/* End PBXGroup section */

/* Begin PBXNativeTarget section */
		48C220552DB6A66B00FF43EE /* AppTemplate */ = {
			isa = PBXNativeTarget;
			buildConfigurationList = 48C2207A2DB6A67300FF43EE /* Build configuration list for PBXNativeTarget "AppTemplate" */;
			buildPhases = (
				48C220522DB6A66B00FF43EE /* Sources */,
				48C220532DB6A66B00FF43EE /* Frameworks */,
				48C220542DB6A66B00FF43EE /* Resources */,
			);
			buildRules = (
			);
			dependencies = (
			);
			name = AppTemplate;
			packageProductDependencies = (
				48A94C862DB6DEE4006653DD /* Auth */,
				48A94C882DB6DEE4006653DD /* Functions */,
				48A94C8A2DB6DEE4006653DD /* PostgREST */,
				48A94C8C2DB6DEE4006653DD /* Realtime */,
				48A94C8E2DB6DEE4006653DD /* Storage */,
				48A94C902DB6DEE4006653DD /* Supabase */,
			);
			productName = AppTemplate;
			productReference = 48C220562DB6A66C00FF43EE /* AppTemplate.app */;
			productType = "com.apple.product-type.application";
		};
		48C220652DB6A67300FF43EE /* AppTemplateTests */ = {
			isa = PBXNativeTarget;
			buildConfigurationList = 48C2207D2DB6A67300FF43EE /* Build configuration list for PBXNativeTarget "AppTemplateTests" */;
			buildPhases = (
				48C220622DB6A67300FF43EE /* Sources */,
				48C220632DB6A67300FF43EE /* Frameworks */,
				48C220642DB6A67300FF43EE /* Resources */,
			);
			buildRules = (
			);
			dependencies = (
				48C220682DB6A67300FF43EE /* PBXTargetDependency */,
			);
			name = AppTemplateTests;
			productName = AppTemplateTests;
			productReference = 48C220662DB6A67300FF43EE /* AppTemplateTests.xctest */;
			productType = "com.apple.product-type.bundle.unit-test";
		};
		48C2206F2DB6A67300FF43EE /* AppTemplateUITests */ = {
			isa = PBXNativeTarget;
			buildConfigurationList = 48C220802DB6A67300FF43EE /* Build configuration list for PBXNativeTarget "AppTemplateUITests" */;
			buildPhases = (
				48C2206C2DB6A67300FF43EE /* Sources */,
				48C2206D2DB6A67300FF43EE /* Frameworks */,
				48C2206E2DB6A67300FF43EE /* Resources */,
			);
			buildRules = (
			);
			dependencies = (
				48C220722DB6A67300FF43EE /* PBXTargetDependency */,
			);
			name = AppTemplateUITests;
			productName = AppTemplateUITests;
			productReference = 48C220702DB6A67300FF43EE /* AppTemplateUITests.xctest */;
			productType = "com.apple.product-type.bundle.ui-testing";
		};
/* End PBXNativeTarget section */

/* Begin PBXProject section */
		48C2204E2DB6A66B00FF43EE /* Project object */ = {
			isa = PBXProject;
			attributes = {
				BuildIndependentTargetsInParallel = 1;
				LastSwiftUpdateCheck = 1500;
				LastUpgradeCheck = 1500;
				TargetAttributes = {
					48C220552DB6A66B00FF43EE = {
						CreatedOnToolsVersion = 15.0;
					};
					48C220652DB6A67300FF43EE = {
						CreatedOnToolsVersion = 15.0;
						TestTargetID = 48C220552DB6A66B00FF43EE;
					};
					48C2206F2DB6A67300FF43EE = {
						CreatedOnToolsVersion = 15.0;
						TestTargetID = 48C220552DB6A66B00FF43EE;
					};
				};
			};
			buildConfigurationList = 48C220512DB6A66B00FF43EE /* Build configuration list for PBXProject "AppTemplate" */;
			compatibilityVersion = "Xcode 14.0";
			developmentRegion = en;
			hasScannedForEncodings = 0;
			knownRegions = (
				en,
				Base,
			);
			mainGroup = 48C2204D2DB6A66B00FF43EE;
			packageReferences = (
				48A94C852DB6DEE4006653DD /* XCRemoteSwiftPackageReference "supabase-swift" */,
			);
			productRefGroup = 48C220572DB6A66C00FF43EE /* Products */;
			projectDirPath = "";
			projectRoot = "";
			targets = (
				48C220552DB6A66B00FF43EE /* AppTemplate */,
				48C220652DB6A67300FF43EE /* AppTemplateTests */,
				48C2206F2DB6A67300FF43EE /* AppTemplateUITests */,
			);
		};
/* End PBXProject section */

/* Begin PBXResourcesBuildPhase section */
		48C220542DB6A66B00FF43EE /* Resources */ = {
			isa = PBXResourcesBuildPhase;
			buildActionMask = 2147483647;
			files = (
				48362D8A2DB726AA00C04D8D /* Assets.xcassets in Resources */,
				48362D8B2DB726AA00C04D8D /* Preview Assets.xcassets in Resources */,
				48362D832DB726AA00C04D8D /* Secrets.xcconfig in Resources */,
				48362D8F2DB726AA00C04D8D /* Secrets.Example.xcconfig in Resources */,
			);
			runOnlyForDeploymentPostprocessing = 0;
		};
		48C220642DB6A67300FF43EE /* Resources */ = {
			isa = PBXResourcesBuildPhase;
			buildActionMask = 2147483647;
			files = (
			);
			runOnlyForDeploymentPostprocessing = 0;
		};
		48C2206E2DB6A67300FF43EE /* Resources */ = {
			isa = PBXResourcesBuildPhase;
			buildActionMask = 2147483647;
			files = (
			);
			runOnlyForDeploymentPostprocessing = 0;
		};
/* End PBXResourcesBuildPhase section */

/* Begin PBXSourcesBuildPhase section */
		48C220522DB6A66B00FF43EE /* Sources */ = {
			isa = PBXSourcesBuildPhase;
			buildActionMask = 2147483647;
			files = (
				48362D842DB726AA00C04D8D /* DataRepository.swift in Sources */,
				48362D852DB726AA00C04D8D /* AuthRepository.swift in Sources */,
				48362D8D2DB726AA00C04D8D /* ContentView.swift in Sources */,
				48362D862DB726AA00C04D8D /* AuthViewModel.swift in Sources */,
				48A33D5E2DB7D35200FE5A25 /* KeychainHelper.swift in Sources */,
				48362D882DB726AA00C04D8D /* LoginView.swift in Sources */,
				48362D892DB726AA00C04D8D /* SignUpView.swift in Sources */,
				48362D872DB726AA00C04D8D /* SupabaseManager.swift in Sources */,
				48362D8C2DB726AA00C04D8D /* AppTemplateApp.swift in Sources */,
			);
			runOnlyForDeploymentPostprocessing = 0;
		};
		48C220622DB6A67300FF43EE /* Sources */ = {
			isa = PBXSourcesBuildPhase;
			buildActionMask = 2147483647;
			files = (
				48C2206B2DB6A67300FF43EE /* AppTemplateTests.swift in Sources */,
			);
			runOnlyForDeploymentPostprocessing = 0;
		};
		48C2206C2DB6A67300FF43EE /* Sources */ = {
			isa = PBXSourcesBuildPhase;
			buildActionMask = 2147483647;
			files = (
				48C220772DB6A67300FF43EE /* AppTemplateUITestsLaunchTests.swift in Sources */,
				48C220752DB6A67300FF43EE /* AppTemplateUITests.swift in Sources */,
			);
			runOnlyForDeploymentPostprocessing = 0;
		};
/* End PBXSourcesBuildPhase section */

/* Begin PBXTargetDependency section */
		48C220682DB6A67300FF43EE /* PBXTargetDependency */ = {
			isa = PBXTargetDependency;
			target = 48C220552DB6A66B00FF43EE /* AppTemplate */;
			targetProxy = 48C220672DB6A67300FF43EE /* PBXContainerItemProxy */;
		};
		48C220722DB6A67300FF43EE /* PBXTargetDependency */ = {
			isa = PBXTargetDependency;
			target = 48C220552DB6A66B00FF43EE /* AppTemplate */;
			targetProxy = 48C220712DB6A67300FF43EE /* PBXContainerItemProxy */;
		};
/* End PBXTargetDependency section */

/* Begin XCBuildConfiguration section */
		48C220782DB6A67300FF43EE /* Debug */ = {
			isa = XCBuildConfiguration;
			buildSettings = {
				ALWAYS_SEARCH_USER_PATHS = NO;
				ASSETCATALOG_COMPILER_GENERATE_SWIFT_ASSET_SYMBOL_EXTENSIONS = YES;
				CLANG_ANALYZER_NONNULL = YES;
				CLANG_ANALYZER_NUMBER_OBJECT_CONVERSION = YES_AGGRESSIVE;
				CLANG_CXX_LANGUAGE_STANDARD = "gnu++20";
				CLANG_ENABLE_MODULES = YES;
				CLANG_ENABLE_OBJC_ARC = YES;
				CLANG_ENABLE_OBJC_WEAK = YES;
				CLANG_WARN_BLOCK_CAPTURE_AUTORELEASING = YES;
				CLANG_WARN_BOOL_CONVERSION = YES;
				CLANG_WARN_COMMA = YES;
				CLANG_WARN_CONSTANT_CONVERSION = YES;
				CLANG_WARN_DEPRECATED_OBJC_IMPLEMENTATIONS = YES;
				CLANG_WARN_DIRECT_OBJC_ISA_USAGE = YES_ERROR;
				CLANG_WARN_DOCUMENTATION_COMMENTS = YES;
				CLANG_WARN_EMPTY_BODY = YES;
				CLANG_WARN_ENUM_CONVERSION = YES;
				CLANG_WARN_INFINITE_RECURSION = YES;
				CLANG_WARN_INT_CONVERSION = YES;
				CLANG_WARN_NON_LITERAL_NULL_CONVERSION = YES;
				CLANG_WARN_OBJC_IMPLICIT_RETAIN_SELF = YES;
				CLANG_WARN_OBJC_LITERAL_CONVERSION = YES;
				CLANG_WARN_OBJC_ROOT_CLASS = YES_ERROR;
				CLANG_WARN_QUOTED_INCLUDE_IN_FRAMEWORK_HEADER = YES;
				CLANG_WARN_RANGE_LOOP_ANALYSIS = YES;
				CLANG_WARN_STRICT_PROTOTYPES = YES;
				CLANG_WARN_SUSPICIOUS_MOVE = YES;
				CLANG_WARN_UNGUARDED_AVAILABILITY = YES_AGGRESSIVE;
				CLANG_WARN_UNREACHABLE_CODE = YES;
				CLANG_WARN__DUPLICATE_METHOD_MATCH = YES;
				COPY_PHASE_STRIP = NO;
				DEBUG_INFORMATION_FORMAT = dwarf;
				ENABLE_STRICT_OBJC_MSGSEND = YES;
				ENABLE_TESTABILITY = YES;
				ENABLE_USER_SCRIPT_SANDBOXING = YES;
				GCC_C_LANGUAGE_STANDARD = gnu17;
				GCC_DYNAMIC_NO_PIC = NO;
				GCC_NO_COMMON_BLOCKS = YES;
				GCC_OPTIMIZATION_LEVEL = 0;
				GCC_PREPROCESSOR_DEFINITIONS = (
					"DEBUG=1",
					"$(inherited)",
				);
				GCC_WARN_64_TO_32_BIT_CONVERSION = YES;
				GCC_WARN_ABOUT_RETURN_TYPE = YES_ERROR;
				GCC_WARN_UNDECLARED_SELECTOR = YES;
				GCC_WARN_UNINITIALIZED_AUTOS = YES_AGGRESSIVE;
				GCC_WARN_UNUSED_FUNCTION = YES;
				GCC_WARN_UNUSED_VARIABLE = YES;
				IPHONEOS_DEPLOYMENT_TARGET = 17.0;
				LOCALIZATION_PREFERS_STRING_CATALOGS = YES;
				MTL_ENABLE_DEBUG_INFO = INCLUDE_SOURCE;
				MTL_FAST_MATH = YES;
				ONLY_ACTIVE_ARCH = YES;
				SDKROOT = iphoneos;
				SWIFT_ACTIVE_COMPILATION_CONDITIONS = "DEBUG $(inherited)";
				SWIFT_OPTIMIZATION_LEVEL = "-Onone";
			};
			name = Debug;
		};
		48C220792DB6A67300FF43EE /* Release */ = {
			isa = XCBuildConfiguration;
			buildSettings = {
				ALWAYS_SEARCH_USER_PATHS = NO;
				ASSETCATALOG_COMPILER_GENERATE_SWIFT_ASSET_SYMBOL_EXTENSIONS = YES;
				CLANG_ANALYZER_NONNULL = YES;
				CLANG_ANALYZER_NUMBER_OBJECT_CONVERSION = YES_AGGRESSIVE;
				CLANG_CXX_LANGUAGE_STANDARD = "gnu++20";
				CLANG_ENABLE_MODULES = YES;
				CLANG_ENABLE_OBJC_ARC = YES;
				CLANG_ENABLE_OBJC_WEAK = YES;
				CLANG_WARN_BLOCK_CAPTURE_AUTORELEASING = YES;
				CLANG_WARN_BOOL_CONVERSION = YES;
				CLANG_WARN_COMMA = YES;
				CLANG_WARN_CONSTANT_CONVERSION = YES;
				CLANG_WARN_DEPRECATED_OBJC_IMPLEMENTATIONS = YES;
				CLANG_WARN_DIRECT_OBJC_ISA_USAGE = YES_ERROR;
				CLANG_WARN_DOCUMENTATION_COMMENTS = YES;
				CLANG_WARN_EMPTY_BODY = YES;
				CLANG_WARN_ENUM_CONVERSION = YES;
				CLANG_WARN_INFINITE_RECURSION = YES;
				CLANG_WARN_INT_CONVERSION = YES;
				CLANG_WARN_NON_LITERAL_NULL_CONVERSION = YES;
				CLANG_WARN_OBJC_IMPLICIT_RETAIN_SELF = YES;
				CLANG_WARN_OBJC_LITERAL_CONVERSION = YES;
				CLANG_WARN_OBJC_ROOT_CLASS = YES_ERROR;
				CLANG_WARN_QUOTED_INCLUDE_IN_FRAMEWORK_HEADER = YES;
				CLANG_WARN_RANGE_LOOP_ANALYSIS = YES;
				CLANG_WARN_STRICT_PROTOTYPES = YES;
				CLANG_WARN_SUSPICIOUS_MOVE = YES;
				CLANG_WARN_UNGUARDED_AVAILABILITY = YES_AGGRESSIVE;
				CLANG_WARN_UNREACHABLE_CODE = YES;
				CLANG_WARN__DUPLICATE_METHOD_MATCH = YES;
				COPY_PHASE_STRIP = NO;
				DEBUG_INFORMATION_FORMAT = "dwarf-with-dsym";
				ENABLE_NS_ASSERTIONS = NO;
				ENABLE_STRICT_OBJC_MSGSEND = YES;
				ENABLE_USER_SCRIPT_SANDBOXING = YES;
				GCC_C_LANGUAGE_STANDARD = gnu17;
				GCC_NO_COMMON_BLOCKS = YES;
				GCC_WARN_64_TO_32_BIT_CONVERSION = YES;
				GCC_WARN_ABOUT_RETURN_TYPE = YES_ERROR;
				GCC_WARN_UNDECLARED_SELECTOR = YES;
				GCC_WARN_UNINITIALIZED_AUTOS = YES_AGGRESSIVE;
				GCC_WARN_UNUSED_FUNCTION = YES;
				GCC_WARN_UNUSED_VARIABLE = YES;
				IPHONEOS_DEPLOYMENT_TARGET = 17.0;
				LOCALIZATION_PREFERS_STRING_CATALOGS = YES;
				MTL_ENABLE_DEBUG_INFO = NO;
				MTL_FAST_MATH = YES;
				SDKROOT = iphoneos;
				SWIFT_COMPILATION_MODE = wholemodule;
				VALIDATE_PRODUCT = YES;
			};
			name = Release;
		};
		48C2207B2DB6A67300FF43EE /* Debug */ = {
			isa = XCBuildConfiguration;
			buildSettings = {
				ASSETCATALOG_COMPILER_APPICON_NAME = AppIcon;
				ASSETCATALOG_COMPILER_GLOBAL_ACCENT_COLOR_NAME = AccentColor;
				CODE_SIGN_STYLE = Automatic;
				CURRENT_PROJECT_VERSION = 1;
				DEVELOPMENT_ASSET_PATHS = "\"AppTemplate/Preview Content\"";
				DEVELOPMENT_TEAM = 6QLVVK9PZ7;
				ENABLE_PREVIEWS = YES;
				GENERATE_INFOPLIST_FILE = YES;
				INFOPLIST_FILE = AppTemplate/Info.plist;
				INFOPLIST_KEY_UIApplicationSceneManifest_Generation = YES;
				INFOPLIST_KEY_UIApplicationSupportsIndirectInputEvents = YES;
				INFOPLIST_KEY_UILaunchScreen_Generation = YES;
				INFOPLIST_KEY_UISupportedInterfaceOrientations_iPad = "UIInterfaceOrientationPortrait UIInterfaceOrientationPortraitUpsideDown UIInterfaceOrientationLandscapeLeft UIInterfaceOrientationLandscapeRight";
				INFOPLIST_KEY_UISupportedInterfaceOrientations_iPhone = "UIInterfaceOrientationPortrait UIInterfaceOrientationLandscapeLeft UIInterfaceOrientationLandscapeRight";
				LD_RUNPATH_SEARCH_PATHS = (
					"$(inherited)",
					"@executable_path/Frameworks",
				);
				MARKETING_VERSION = 1.0;
				PRODUCT_BUNDLE_IDENTIFIER = com.personal.Templates.AppTemplate;
				PRODUCT_NAME = "$(TARGET_NAME)";
				SWIFT_EMIT_LOC_STRINGS = YES;
				SWIFT_VERSION = 5.0;
				TARGETED_DEVICE_FAMILY = "1,2";
			};
			name = Debug;
		};
		48C2207C2DB6A67300FF43EE /* Release */ = {
			isa = XCBuildConfiguration;
			buildSettings = {
				ASSETCATALOG_COMPILER_APPICON_NAME = AppIcon;
				ASSETCATALOG_COMPILER_GLOBAL_ACCENT_COLOR_NAME = AccentColor;
				CODE_SIGN_STYLE = Automatic;
				CURRENT_PROJECT_VERSION = 1;
				DEVELOPMENT_ASSET_PATHS = "\"AppTemplate/Preview Content\"";
				DEVELOPMENT_TEAM = 6QLVVK9PZ7;
				ENABLE_PREVIEWS = YES;
				GENERATE_INFOPLIST_FILE = YES;
				"GENERATE_INFOPLIST_FILE[sdk=*]" = YES;
				INFOPLIST_FILE = AppTemplate/Info.plist;
				INFOPLIST_KEY_UIApplicationSceneManifest_Generation = YES;
				INFOPLIST_KEY_UIApplicationSupportsIndirectInputEvents = YES;
				INFOPLIST_KEY_UILaunchScreen_Generation = YES;
				INFOPLIST_KEY_UISupportedInterfaceOrientations_iPad = "UIInterfaceOrientationPortrait UIInterfaceOrientationPortraitUpsideDown UIInterfaceOrientationLandscapeLeft UIInterfaceOrientationLandscapeRight";
				INFOPLIST_KEY_UISupportedInterfaceOrientations_iPhone = "UIInterfaceOrientationPortrait UIInterfaceOrientationLandscapeLeft UIInterfaceOrientationLandscapeRight";
				LD_RUNPATH_SEARCH_PATHS = (
					"$(inherited)",
					"@executable_path/Frameworks",
				);
				MARKETING_VERSION = 1.0;
				PRODUCT_BUNDLE_IDENTIFIER = com.personal.Templates.AppTemplate;
				PRODUCT_NAME = "$(TARGET_NAME)";
				SWIFT_EMIT_LOC_STRINGS = YES;
				SWIFT_VERSION = 5.0;
				TARGETED_DEVICE_FAMILY = "1,2";
			};
			name = Release;
		};
		48C2207E2DB6A67300FF43EE /* Debug */ = {
			isa = XCBuildConfiguration;
			buildSettings = {
				ALWAYS_EMBED_SWIFT_STANDARD_LIBRARIES = YES;
				BUNDLE_LOADER = "$(TEST_HOST)";
				CODE_SIGN_STYLE = Automatic;
				CURRENT_PROJECT_VERSION = 1;
				DEVELOPMENT_TEAM = 6QLVVK9PZ7;
				GENERATE_INFOPLIST_FILE = YES;
				IPHONEOS_DEPLOYMENT_TARGET = 17.0;
				MARKETING_VERSION = 1.0;
				PRODUCT_BUNDLE_IDENTIFIER = com.personal.Templates.AppTemplateTests;
				PRODUCT_NAME = "$(TARGET_NAME)";
				SWIFT_EMIT_LOC_STRINGS = NO;
				SWIFT_VERSION = 5.0;
				TARGETED_DEVICE_FAMILY = "1,2";
				TEST_HOST = "$(BUILT_PRODUCTS_DIR)/AppTemplate.app/$(BUNDLE_EXECUTABLE_FOLDER_PATH)/AppTemplate";
			};
			name = Debug;
		};
		48C2207F2DB6A67300FF43EE /* Release */ = {
			isa = XCBuildConfiguration;
			buildSettings = {
				ALWAYS_EMBED_SWIFT_STANDARD_LIBRARIES = YES;
				BUNDLE_LOADER = "$(TEST_HOST)";
				CODE_SIGN_STYLE = Automatic;
				CURRENT_PROJECT_VERSION = 1;
				DEVELOPMENT_TEAM = 6QLVVK9PZ7;
				GENERATE_INFOPLIST_FILE = YES;
				IPHONEOS_DEPLOYMENT_TARGET = 17.0;
				MARKETING_VERSION = 1.0;
				PRODUCT_BUNDLE_IDENTIFIER = com.personal.Templates.AppTemplateTests;
				PRODUCT_NAME = "$(TARGET_NAME)";
				SWIFT_EMIT_LOC_STRINGS = NO;
				SWIFT_VERSION = 5.0;
				TARGETED_DEVICE_FAMILY = "1,2";
				TEST_HOST = "$(BUILT_PRODUCTS_DIR)/AppTemplate.app/$(BUNDLE_EXECUTABLE_FOLDER_PATH)/AppTemplate";
			};
			name = Release;
		};
		48C220812DB6A67300FF43EE /* Debug */ = {
			isa = XCBuildConfiguration;
			buildSettings = {
				ALWAYS_EMBED_SWIFT_STANDARD_LIBRARIES = YES;
				CODE_SIGN_STYLE = Automatic;
				CURRENT_PROJECT_VERSION = 1;
				DEVELOPMENT_TEAM = 6QLVVK9PZ7;
				GENERATE_INFOPLIST_FILE = YES;
				MARKETING_VERSION = 1.0;
				PRODUCT_BUNDLE_IDENTIFIER = com.personal.Templates.AppTemplateUITests;
				PRODUCT_NAME = "$(TARGET_NAME)";
				SWIFT_EMIT_LOC_STRINGS = NO;
				SWIFT_VERSION = 5.0;
				TARGETED_DEVICE_FAMILY = "1,2";
				TEST_TARGET_NAME = AppTemplate;
			};
			name = Debug;
		};
		48C220822DB6A67300FF43EE /* Release */ = {
			isa = XCBuildConfiguration;
			buildSettings = {
				ALWAYS_EMBED_SWIFT_STANDARD_LIBRARIES = YES;
				CODE_SIGN_STYLE = Automatic;
				CURRENT_PROJECT_VERSION = 1;
				DEVELOPMENT_TEAM = 6QLVVK9PZ7;
				GENERATE_INFOPLIST_FILE = YES;
				MARKETING_VERSION = 1.0;
				PRODUCT_BUNDLE_IDENTIFIER = com.personal.Templates.AppTemplateUITests;
				PRODUCT_NAME = "$(TARGET_NAME)";
				SWIFT_EMIT_LOC_STRINGS = NO;
				SWIFT_VERSION = 5.0;
				TARGETED_DEVICE_FAMILY = "1,2";
				TEST_TARGET_NAME = AppTemplate;
			};
			name = Release;
		};
/* End XCBuildConfiguration section */

/* Begin XCConfigurationList section */
		48C220512DB6A66B00FF43EE /* Build configuration list for PBXProject "AppTemplate" */ = {
			isa = XCConfigurationList;
			buildConfigurations = (
				48C220782DB6A67300FF43EE /* Debug */,
				48C220792DB6A67300FF43EE /* Release */,
			);
			defaultConfigurationIsVisible = 0;
			defaultConfigurationName = Release;
		};
		48C2207A2DB6A67300FF43EE /* Build configuration list for PBXNativeTarget "AppTemplate" */ = {
			isa = XCConfigurationList;
			buildConfigurations = (
				48C2207B2DB6A67300FF43EE /* Debug */,
				48C2207C2DB6A67300FF43EE /* Release */,
			);
			defaultConfigurationIsVisible = 0;
			defaultConfigurationName = Release;
		};
		48C2207D2DB6A67300FF43EE /* Build configuration list for PBXNativeTarget "AppTemplateTests" */ = {
			isa = XCConfigurationList;
			buildConfigurations = (
				48C2207E2DB6A67300FF43EE /* Debug */,
				48C2207F2DB6A67300FF43EE /* Release */,
			);
			defaultConfigurationIsVisible = 0;
			defaultConfigurationName = Release;
		};
		48C220802DB6A67300FF43EE /* Build configuration list for PBXNativeTarget "AppTemplateUITests" */ = {
			isa = XCConfigurationList;
			buildConfigurations = (
				48C220812DB6A67300FF43EE /* Debug */,
				48C220822DB6A67300FF43EE /* Release */,
			);
			defaultConfigurationIsVisible = 0;
			defaultConfigurationName = Release;
		};
/* End XCConfigurationList section */

/* Begin XCRemoteSwiftPackageReference section */
		48A94C852DB6DEE4006653DD /* XCRemoteSwiftPackageReference "supabase-swift" */ = {
			isa = XCRemoteSwiftPackageReference;
			repositoryURL = "https://github.com/supabase-community/supabase-swift";
			requirement = {
				kind = upToNextMajorVersion;
				minimumVersion = 2.5.1;
			};
		};
/* End XCRemoteSwiftPackageReference section */

/* Begin XCSwiftPackageProductDependency section */
		48A94C862DB6DEE4006653DD /* Auth */ = {
			isa = XCSwiftPackageProductDependency;
			package = 48A94C852DB6DEE4006653DD /* XCRemoteSwiftPackageReference "supabase-swift" */;
			productName = Auth;
		};
		48A94C882DB6DEE4006653DD /* Functions */ = {
			isa = XCSwiftPackageProductDependency;
			package = 48A94C852DB6DEE4006653DD /* XCRemoteSwiftPackageReference "supabase-swift" */;
			productName = Functions;
		};
		48A94C8A2DB6DEE4006653DD /* PostgREST */ = {
			isa = XCSwiftPackageProductDependency;
			package = 48A94C852DB6DEE4006653DD /* XCRemoteSwiftPackageReference "supabase-swift" */;
			productName = PostgREST;
		};
		48A94C8C2DB6DEE4006653DD /* Realtime */ = {
			isa = XCSwiftPackageProductDependency;
			package = 48A94C852DB6DEE4006653DD /* XCRemoteSwiftPackageReference "supabase-swift" */;
			productName = Realtime;
		};
		48A94C8E2DB6DEE4006653DD /* Storage */ = {
			isa = XCSwiftPackageProductDependency;
			package = 48A94C852DB6DEE4006653DD /* XCRemoteSwiftPackageReference "supabase-swift" */;
			productName = Storage;
		};
		48A94C902DB6DEE4006653DD /* Supabase */ = {
			isa = XCSwiftPackageProductDependency;
			package = 48A94C852DB6DEE4006653DD /* XCRemoteSwiftPackageReference "supabase-swift" */;
			productName = Supabase;
		};
/* End XCSwiftPackageProductDependency section */
	};
	rootObject = 48C2204E2DB6A66B00FF43EE /* Project object */;
}
